
Microsoft Visual Studio Solution File, Format Version 12.00
# Visual Studio Version 17
VisualStudioVersion = 17.9.34622.214
MinimumVisualStudioVersion = 10.0.40219.1
Project("{8BC9CEB8-8B4A-11D0-8D11-00A0C91BC942}") = "CircularQueuesArray", "CircularQueuesArray\CircularQueuesArray.vcxproj", "{AF9FC451-F684-4B4F-8FDF-EB308D9227EC}"
EndProject
Global
	GlobalSection(SolutionConfigurationPlatforms) = preSolution
		Debug|ARM64 = Debug|ARM64
		Debug|x64 = Debug|x64
		Debug|x86 = Debug|x86
		Release|ARM64 = Release|ARM64
		Release|x64 = Release|x64
		Release|x86 = Release|x86
	EndGlobalSection
	GlobalSection(ProjectConfigurationPlatforms) = postSolution
		{AF9FC451-F684-4B4F-8FDF-EB308D9227EC}.Debug|ARM64.ActiveCfg = Debug|ARM64
		{AF9FC451-F684-4B4F-8FDF-EB308D9227EC}.Debug|ARM64.Build.0 = Debug|ARM64
		{AF9FC451-F684-4B4F-8FDF-EB308D9227EC}.Debug|x64.ActiveCfg = Debug|x64
		{AF9FC451-F684-4B4F-8FDF-EB308D9227EC}.Debug|x64.Build.0 = Debug|x64
		{AF9FC451-F684-4B4F-8FDF-EB308D9227EC}.Debug|x86.ActiveCfg = Debug|Win32
		{AF9FC451-F684-4B4F-8FDF-EB308D9227EC}.Debug|x86.Build.0 = Debug|Win32
		{AF9FC451-F684-4B4F-8FDF-EB308D9227EC}.Release|ARM64.ActiveCfg = Release|ARM64
		{AF9FC451-F684-4B4F-8FDF-EB308D9227EC}.Release|ARM64.Build.0 = Release|ARM64
		{AF9FC451-F684-4B4F-8FDF-EB308D9227EC}.Release|x64.ActiveCfg = Release|x64
		{AF9FC451-F684-4B4F-8FDF-EB308D9227EC}.Release|x64.Build.0 = Release|x64
		{AF9FC451-F684-4B4F-8FDF-EB308D9227EC}.Release|x86.ActiveCfg = Release|Win32
		{AF9FC451-F684-4B4F-8FDF-EB308D9227EC}.Release|x86.Build.0 = Release|Win32
	EndGlobalSection
	GlobalSection(SolutionProperties) = preSolution
		HideSolutionNode = FALSE
	EndGlobalSection
	GlobalSection(ExtensibilityGlobals) = postSolution
		SolutionGuid = {271F49B1-0C22-4C64-A5B3-745A952FD2AD}
	EndGlobalSection
EndGlobal
